// !$*UTF8*$!
{
	archiveVersion = 1;
	classes = {
	};
	objectVersion = 48;
	objects = {

/* Begin PBXBuildFile section */
		00220A3F2005D3BC000B12DF /* TimeAgo.swift in Sources */ = {isa = PBXBuildFile; fileRef = 00220A3E2005D3BC000B12DF /* TimeAgo.swift */; };
		00220A422005F639000B12DF /* PanGestureRecognizer.swift in Sources */ = {isa = PBXBuildFile; fileRef = 00220A412005F639000B12DF /* PanGestureRecognizer.swift */; };
		003CFBDA2056567B000A4C8D /* TerminalViewController.swift in Sources */ = {isa = PBXBuildFile; fileRef = 003CFBD92056567B000A4C8D /* TerminalViewController.swift */; };
		003DE1422034093E00D6E06A /* Time.swift in Sources */ = {isa = PBXBuildFile; fileRef = 003DE1412034093E00D6E06A /* Time.swift */; };
		0040E1302046537B00C1AFFE /* CommandViewController.swift in Sources */ = {isa = PBXBuildFile; fileRef = 0040E12F2046537B00C1AFFE /* CommandViewController.swift */; };
		005743532043DAE000AB9E73 /* Instruments.storyboard in Resources */ = {isa = PBXBuildFile; fileRef = 005743522043DAE000AB9E73 /* Instruments.storyboard */; };
		005C5C981FCBD01B0055B110 /* Starscream.framework in Frameworks */ = {isa = PBXBuildFile; fileRef = 005C5C961FCBD01B0055B110 /* Starscream.framework */; };
		005C5C991FCBD01B0055B110 /* Starscream.framework in Embed Frameworks */ = {isa = PBXBuildFile; fileRef = 005C5C961FCBD01B0055B110 /* Starscream.framework */; settings = {ATTRIBUTES = (CodeSignOnCopy, RemoveHeadersOnCopy, ); }; };
		005C5C9A1FCBD01B0055B110 /* SocketIO.framework in Frameworks */ = {isa = PBXBuildFile; fileRef = 005C5C971FCBD01B0055B110 /* SocketIO.framework */; };
		005C5C9B1FCBD01B0055B110 /* SocketIO.framework in Embed Frameworks */ = {isa = PBXBuildFile; fileRef = 005C5C971FCBD01B0055B110 /* SocketIO.framework */; settings = {ATTRIBUTES = (CodeSignOnCopy, RemoveHeadersOnCopy, ); }; };
		005C5C9D1FCBD0480055B110 /* MapViewController.swift in Sources */ = {isa = PBXBuildFile; fileRef = 005C5C9C1FCBD0480055B110 /* MapViewController.swift */; };
		005C5C9F1FCBD1EF0055B110 /* Report.swift in Sources */ = {isa = PBXBuildFile; fileRef = 005C5C9E1FCBD1EF0055B110 /* Report.swift */; };
		005C5CA21FCBD8EB0055B110 /* CoreLocation.framework in Frameworks */ = {isa = PBXBuildFile; fileRef = 005C5CA11FCBD8E20055B110 /* CoreLocation.framework */; };
		005C5CA41FCBDD6D0055B110 /* ReportInfoViewController.swift in Sources */ = {isa = PBXBuildFile; fileRef = 005C5CA31FCBDD6D0055B110 /* ReportInfoViewController.swift */; };
		005C5CA61FCBEB190055B110 /* SocketCenter.swift in Sources */ = {isa = PBXBuildFile; fileRef = 005C5CA51FCBEB190055B110 /* SocketCenter.swift */; };
		0062CAA1204510F900E5BA41 /* InstrumentsPageController.swift in Sources */ = {isa = PBXBuildFile; fileRef = 0062CAA0204510F900E5BA41 /* InstrumentsPageController.swift */; };
		0062CAA32045116000E5BA41 /* InternalInstrumentsViewController.swift in Sources */ = {isa = PBXBuildFile; fileRef = 0062CAA22045116000E5BA41 /* InternalInstrumentsViewController.swift */; };
		0062CAA52045151000E5BA41 /* ExternalInstrumentsViewController.swift in Sources */ = {isa = PBXBuildFile; fileRef = 0062CAA42045151000E5BA41 /* ExternalInstrumentsViewController.swift */; };
		0062CAA72045223F00E5BA41 /* ReportRenderable.swift in Sources */ = {isa = PBXBuildFile; fileRef = 0062CAA62045223F00E5BA41 /* ReportRenderable.swift */; };
		0062CAAA204530CB00E5BA41 /* InstrumentsContainerViewController.swift in Sources */ = {isa = PBXBuildFile; fileRef = 0062CAA9204530CB00E5BA41 /* InstrumentsContainerViewController.swift */; };
		00B12CE81FCE2D62001151B9 /* GraphicalIndicator.swift in Sources */ = {isa = PBXBuildFile; fileRef = 00B12CE71FCE2D62001151B9 /* GraphicalIndicator.swift */; };
		00C622942032C5A000F09BE2 /* MapViewDelegate.swift in Sources */ = {isa = PBXBuildFile; fileRef = 00C622932032C59F00F09BE2 /* MapViewDelegate.swift */; };
		00C622962032C63700F09BE2 /* MapViewRoutePlot.swift in Sources */ = {isa = PBXBuildFile; fileRef = 00C622952032C63700F09BE2 /* MapViewRoutePlot.swift */; };
		00C622982032C68000F09BE2 /* MapViewDashboardController.swift in Sources */ = {isa = PBXBuildFile; fileRef = 00C622972032C68000F09BE2 /* MapViewDashboardController.swift */; };
		00C707952039657300C804F1 /* DashboardViewController.swift in Sources */ = {isa = PBXBuildFile; fileRef = 00EEB2172039646600B334DE /* DashboardViewController.swift */; };
		00C707962039657700C804F1 /* DashboardSubsection.swift in Sources */ = {isa = PBXBuildFile; fileRef = 00EEB2152039646600B334DE /* DashboardSubsection.swift */; };
		00C707982039657C00C804F1 /* DashboardPage.swift in Sources */ = {isa = PBXBuildFile; fileRef = 00EEB2162039646600B334DE /* DashboardPage.swift */; };
		00DEF2EF1FCBCD0C00F1F393 /* AppDelegate.swift in Sources */ = {isa = PBXBuildFile; fileRef = 00DEF2EE1FCBCD0C00F1F393 /* AppDelegate.swift */; };
		00DEF2F61FCBCD0C00F1F393 /* Assets.xcassets in Resources */ = {isa = PBXBuildFile; fileRef = 00DEF2F51FCBCD0C00F1F393 /* Assets.xcassets */; };
		00DEF2F91FCBCD0C00F1F393 /* LaunchScreen.storyboard in Resources */ = {isa = PBXBuildFile; fileRef = 00DEF2F71FCBCD0C00F1F393 /* LaunchScreen.storyboard */; };
		00E35FA1200F0DF9006BB8CD /* AttributedString.swift in Sources */ = {isa = PBXBuildFile; fileRef = 00E35FA0200F0DF9006BB8CD /* AttributedString.swift */; };
		00EEB20C2039643400B334DE /* Dashboard.storyboard in Resources */ = {isa = PBXBuildFile; fileRef = 00EEB20A2039643300B334DE /* Dashboard.storyboard */; };
		00EEB20D2039643400B334DE /* Main.storyboard in Resources */ = {isa = PBXBuildFile; fileRef = 00EEB20B2039643300B334DE /* Main.storyboard */; };
/* End PBXBuildFile section */

/* Begin PBXCopyFilesBuildPhase section */
		00DEF3061FCBCF4A00F1F393 /* Embed Frameworks */ = {
			isa = PBXCopyFilesBuildPhase;
			buildActionMask = 2147483647;
			dstPath = "";
			dstSubfolderSpec = 10;
			files = (
				005C5C991FCBD01B0055B110 /* Starscream.framework in Embed Frameworks */,
				005C5C9B1FCBD01B0055B110 /* SocketIO.framework in Embed Frameworks */,
			);
			name = "Embed Frameworks";
			runOnlyForDeploymentPostprocessing = 0;
		};
/* End PBXCopyFilesBuildPhase section */

/* Begin PBXFileReference section */
		00220A3E2005D3BC000B12DF /* TimeAgo.swift */ = {isa = PBXFileReference; lastKnownFileType = sourcecode.swift; path = TimeAgo.swift; sourceTree = "<group>"; };
		00220A412005F639000B12DF /* PanGestureRecognizer.swift */ = {isa = PBXFileReference; lastKnownFileType = sourcecode.swift; path = PanGestureRecognizer.swift; sourceTree = "<group>"; };
		003CFBD92056567B000A4C8D /* TerminalViewController.swift */ = {isa = PBXFileReference; lastKnownFileType = sourcecode.swift; path = TerminalViewController.swift; sourceTree = "<group>"; };
		003DE1412034093E00D6E06A /* Time.swift */ = {isa = PBXFileReference; lastKnownFileType = sourcecode.swift; path = Time.swift; sourceTree = "<group>"; };
		0040E12F2046537B00C1AFFE /* CommandViewController.swift */ = {isa = PBXFileReference; lastKnownFileType = sourcecode.swift; path = CommandViewController.swift; sourceTree = "<group>"; };
		005743522043DAE000AB9E73 /* Instruments.storyboard */ = {isa = PBXFileReference; lastKnownFileType = file.storyboard; path = Instruments.storyboard; sourceTree = "<group>"; };
		005C5C961FCBD01B0055B110 /* Starscream.framework */ = {isa = PBXFileReference; lastKnownFileType = wrapper.framework; name = Starscream.framework; path = GroundControl/Carthage/Build/iOS/Starscream.framework; sourceTree = "<group>"; };
		005C5C971FCBD01B0055B110 /* SocketIO.framework */ = {isa = PBXFileReference; lastKnownFileType = wrapper.framework; name = SocketIO.framework; path = GroundControl/Carthage/Build/iOS/SocketIO.framework; sourceTree = "<group>"; };
		005C5C9C1FCBD0480055B110 /* MapViewController.swift */ = {isa = PBXFileReference; lastKnownFileType = sourcecode.swift; path = MapViewController.swift; sourceTree = "<group>"; };
		005C5C9E1FCBD1EF0055B110 /* Report.swift */ = {isa = PBXFileReference; lastKnownFileType = sourcecode.swift; path = Report.swift; sourceTree = "<group>"; };
		005C5CA11FCBD8E20055B110 /* CoreLocation.framework */ = {isa = PBXFileReference; lastKnownFileType = wrapper.framework; name = CoreLocation.framework; path = System/Library/Frameworks/CoreLocation.framework; sourceTree = SDKROOT; };
		005C5CA31FCBDD6D0055B110 /* ReportInfoViewController.swift */ = {isa = PBXFileReference; lastKnownFileType = sourcecode.swift; path = ReportInfoViewController.swift; sourceTree = "<group>"; };
		005C5CA51FCBEB190055B110 /* SocketCenter.swift */ = {isa = PBXFileReference; lastKnownFileType = sourcecode.swift; path = SocketCenter.swift; sourceTree = "<group>"; };
		0062CAA0204510F900E5BA41 /* InstrumentsPageController.swift */ = {isa = PBXFileReference; lastKnownFileType = sourcecode.swift; path = InstrumentsPageController.swift; sourceTree = "<group>"; };
		0062CAA22045116000E5BA41 /* InternalInstrumentsViewController.swift */ = {isa = PBXFileReference; lastKnownFileType = sourcecode.swift; path = InternalInstrumentsViewController.swift; sourceTree = "<group>"; };
		0062CAA42045151000E5BA41 /* ExternalInstrumentsViewController.swift */ = {isa = PBXFileReference; lastKnownFileType = sourcecode.swift; path = ExternalInstrumentsViewController.swift; sourceTree = "<group>"; };
		0062CAA62045223F00E5BA41 /* ReportRenderable.swift */ = {isa = PBXFileReference; lastKnownFileType = sourcecode.swift; path = ReportRenderable.swift; sourceTree = "<group>"; };
		0062CAA9204530CB00E5BA41 /* InstrumentsContainerViewController.swift */ = {isa = PBXFileReference; lastKnownFileType = sourcecode.swift; path = InstrumentsContainerViewController.swift; sourceTree = "<group>"; };
		00B12CE71FCE2D62001151B9 /* GraphicalIndicator.swift */ = {isa = PBXFileReference; lastKnownFileType = sourcecode.swift; path = GraphicalIndicator.swift; sourceTree = "<group>"; };
		00C622932032C59F00F09BE2 /* MapViewDelegate.swift */ = {isa = PBXFileReference; lastKnownFileType = sourcecode.swift; path = MapViewDelegate.swift; sourceTree = "<group>"; };
		00C622952032C63700F09BE2 /* MapViewRoutePlot.swift */ = {isa = PBXFileReference; lastKnownFileType = sourcecode.swift; path = MapViewRoutePlot.swift; sourceTree = "<group>"; };
		00C622972032C68000F09BE2 /* MapViewDashboardController.swift */ = {isa = PBXFileReference; lastKnownFileType = sourcecode.swift; path = MapViewDashboardController.swift; sourceTree = "<group>"; };
		00DEF2EB1FCBCD0C00F1F393 /* GroundControl.app */ = {isa = PBXFileReference; explicitFileType = wrapper.application; includeInIndex = 0; path = GroundControl.app; sourceTree = BUILT_PRODUCTS_DIR; };
		00DEF2EE1FCBCD0C00F1F393 /* AppDelegate.swift */ = {isa = PBXFileReference; lastKnownFileType = sourcecode.swift; path = AppDelegate.swift; sourceTree = "<group>"; };
		00DEF2F51FCBCD0C00F1F393 /* Assets.xcassets */ = {isa = PBXFileReference; lastKnownFileType = folder.assetcatalog; path = Assets.xcassets; sourceTree = "<group>"; };
		00DEF2F81FCBCD0C00F1F393 /* Base */ = {isa = PBXFileReference; lastKnownFileType = file.storyboard; name = Base; path = Base.lproj/LaunchScreen.storyboard; sourceTree = "<group>"; };
		00DEF2FA1FCBCD0C00F1F393 /* Info.plist */ = {isa = PBXFileReference; lastKnownFileType = text.plist.xml; path = Info.plist; sourceTree = "<group>"; };
		00E35FA0200F0DF9006BB8CD /* AttributedString.swift */ = {isa = PBXFileReference; lastKnownFileType = sourcecode.swift; path = AttributedString.swift; sourceTree = "<group>"; };
		00EEB20A2039643300B334DE /* Dashboard.storyboard */ = {isa = PBXFileReference; fileEncoding = 4; lastKnownFileType = file.storyboard; path = Dashboard.storyboard; sourceTree = "<group>"; };
		00EEB20B2039643300B334DE /* Main.storyboard */ = {isa = PBXFileReference; fileEncoding = 4; lastKnownFileType = file.storyboard; path = Main.storyboard; sourceTree = "<group>"; };
		00EEB2152039646600B334DE /* DashboardSubsection.swift */ = {isa = PBXFileReference; lastKnownFileType = sourcecode.swift; path = DashboardSubsection.swift; sourceTree = "<group>"; };
		00EEB2162039646600B334DE /* DashboardPage.swift */ = {isa = PBXFileReference; lastKnownFileType = sourcecode.swift; path = DashboardPage.swift; sourceTree = "<group>"; };
		00EEB2172039646600B334DE /* DashboardViewController.swift */ = {isa = PBXFileReference; lastKnownFileType = sourcecode.swift; path = DashboardViewController.swift; sourceTree = "<group>"; };
/* End PBXFileReference section */

/* Begin PBXFrameworksBuildPhase section */
		00DEF2E81FCBCD0C00F1F393 /* Frameworks */ = {
			isa = PBXFrameworksBuildPhase;
			buildActionMask = 2147483647;
			files = (
				005C5CA21FCBD8EB0055B110 /* CoreLocation.framework in Frameworks */,
				005C5C981FCBD01B0055B110 /* Starscream.framework in Frameworks */,
				005C5C9A1FCBD01B0055B110 /* SocketIO.framework in Frameworks */,
			);
			runOnlyForDeploymentPostprocessing = 0;
		};
/* End PBXFrameworksBuildPhase section */

/* Begin PBXGroup section */
		000A8DBA1FFD69C900322310 /* Network */ = {
			isa = PBXGroup;
			children = (
				005C5CA51FCBEB190055B110 /* SocketCenter.swift */,
			);
			path = Network;
			sourceTree = "<group>";
		};
		000A8DBB1FFD6FB900322310 /* ViewControllers */ = {
			isa = PBXGroup;
			children = (
				005743512043DACC00AB9E73 /* Instruments */,
				00C622992032D62200F09BE2 /* MapView */,
				00EEB2142039646600B334DE /* Dashboard */,
				005C5CA31FCBDD6D0055B110 /* ReportInfoViewController.swift */,
			);
			path = ViewControllers;
			sourceTree = "<group>";
		};
		000A8DBC1FFD6FD100322310 /* Models */ = {
			isa = PBXGroup;
			children = (
				005C5C9E1FCBD1EF0055B110 /* Report.swift */,
				003DE1412034093E00D6E06A /* Time.swift */,
			);
			path = Models;
			sourceTree = "<group>";
		};
		000A8DBD1FFD728700322310 /* Custom UI Indicators  */ = {
			isa = PBXGroup;
			children = (
				00B12CE71FCE2D62001151B9 /* GraphicalIndicator.swift */,
			);
			path = "Custom UI Indicators ";
			sourceTree = "<group>";
		};
		00220A3D2005D3A1000B12DF /* Extensions */ = {
			isa = PBXGroup;
			children = (
				00220A3E2005D3BC000B12DF /* TimeAgo.swift */,
				00E35FA0200F0DF9006BB8CD /* AttributedString.swift */,
				0062CAA82045224500E5BA41 /* Protocol */,
			);
			path = Extensions;
			sourceTree = "<group>";
		};
		00220A402005F61D000B12DF /* Gesture Extensions */ = {
			isa = PBXGroup;
			children = (
				00220A412005F639000B12DF /* PanGestureRecognizer.swift */,
			);
			path = "Gesture Extensions";
			sourceTree = "<group>";
		};
		005743512043DACC00AB9E73 /* Instruments */ = {
			isa = PBXGroup;
			children = (
				005743522043DAE000AB9E73 /* Instruments.storyboard */,
				003CFBD92056567B000A4C8D /* TerminalViewController.swift */,
				0062CAA9204530CB00E5BA41 /* InstrumentsContainerViewController.swift */,
				0062CAA0204510F900E5BA41 /* InstrumentsPageController.swift */,
				0062CAA22045116000E5BA41 /* InternalInstrumentsViewController.swift */,
				0040E12F2046537B00C1AFFE /* CommandViewController.swift */,
				0062CAA42045151000E5BA41 /* ExternalInstrumentsViewController.swift */,
			);
			path = Instruments;
			sourceTree = "<group>";
		};
		005C5CA01FCBD8E10055B110 /* Frameworks */ = {
			isa = PBXGroup;
			children = (
				005C5CA11FCBD8E20055B110 /* CoreLocation.framework */,
			);
			name = Frameworks;
			sourceTree = "<group>";
		};
		0062CAA82045224500E5BA41 /* Protocol */ = {
			isa = PBXGroup;
			children = (
				0062CAA62045223F00E5BA41 /* ReportRenderable.swift */,
			);
			path = Protocol;
			sourceTree = "<group>";
		};
		00C622992032D62200F09BE2 /* MapView */ = {
			isa = PBXGroup;
			children = (
				00EEB20B2039643300B334DE /* Main.storyboard */,
				005C5C9C1FCBD0480055B110 /* MapViewController.swift */,
				00C622932032C59F00F09BE2 /* MapViewDelegate.swift */,
				00C622952032C63700F09BE2 /* MapViewRoutePlot.swift */,
				00C622972032C68000F09BE2 /* MapViewDashboardController.swift */,
			);
			path = MapView;
			sourceTree = "<group>";
		};
		00DEF2E21FCBCD0C00F1F393 = {
			isa = PBXGroup;
			children = (
				00DEF2ED1FCBCD0C00F1F393 /* GroundControl */,
				005C5C971FCBD01B0055B110 /* SocketIO.framework */,
				005C5C961FCBD01B0055B110 /* Starscream.framework */,
				00DEF2EC1FCBCD0C00F1F393 /* Products */,
				005C5CA01FCBD8E10055B110 /* Frameworks */,
			);
			sourceTree = "<group>";
		};
		00DEF2EC1FCBCD0C00F1F393 /* Products */ = {
			isa = PBXGroup;
			children = (
				00DEF2EB1FCBCD0C00F1F393 /* GroundControl.app */,
			);
			name = Products;
			sourceTree = "<group>";
		};
		00DEF2ED1FCBCD0C00F1F393 /* GroundControl */ = {
			isa = PBXGroup;
			children = (
				00220A402005F61D000B12DF /* Gesture Extensions */,
				00220A3D2005D3A1000B12DF /* Extensions */,
				00DEF2EE1FCBCD0C00F1F393 /* AppDelegate.swift */,
				000A8DBB1FFD6FB900322310 /* ViewControllers */,
				000A8DBC1FFD6FD100322310 /* Models */,
				000A8DBA1FFD69C900322310 /* Network */,
				000A8DBD1FFD728700322310 /* Custom UI Indicators  */,
				00DEF2F51FCBCD0C00F1F393 /* Assets.xcassets */,
				00DEF2F71FCBCD0C00F1F393 /* LaunchScreen.storyboard */,
				00DEF2FA1FCBCD0C00F1F393 /* Info.plist */,
			);
			path = GroundControl;
			sourceTree = "<group>";
		};
		00EEB2142039646600B334DE /* Dashboard */ = {
			isa = PBXGroup;
			children = (
				00EEB20A2039643300B334DE /* Dashboard.storyboard */,
				00EEB2172039646600B334DE /* DashboardViewController.swift */,
				00EEB2162039646600B334DE /* DashboardPage.swift */,
				00EEB2152039646600B334DE /* DashboardSubsection.swift */,
			);
			path = Dashboard;
			sourceTree = "<group>";
		};
/* End PBXGroup section */

/* Begin PBXNativeTarget section */
		00DEF2EA1FCBCD0C00F1F393 /* GroundControl */ = {
			isa = PBXNativeTarget;
			buildConfigurationList = 00DEF2FD1FCBCD0C00F1F393 /* Build configuration list for PBXNativeTarget "GroundControl" */;
			buildPhases = (
				00DEF2E71FCBCD0C00F1F393 /* Sources */,
				00DEF2E81FCBCD0C00F1F393 /* Frameworks */,
				00DEF2E91FCBCD0C00F1F393 /* Resources */,
				00DEF3061FCBCF4A00F1F393 /* Embed Frameworks */,
				0037E09E20606777002FC00A /* ShellScript */,
			);
			buildRules = (
			);
			dependencies = (
			);
			name = GroundControl;
			productName = GroundControl;
			productReference = 00DEF2EB1FCBCD0C00F1F393 /* GroundControl.app */;
			productType = "com.apple.product-type.application";
		};
/* End PBXNativeTarget section */

/* Begin PBXProject section */
		00DEF2E31FCBCD0C00F1F393 /* Project object */ = {
			isa = PBXProject;
			attributes = {
				LastSwiftUpdateCheck = 0910;
				LastUpgradeCheck = 0930;
				ORGANIZATIONNAME = "Movic Technologies";
				TargetAttributes = {
					00DEF2EA1FCBCD0C00F1F393 = {
						CreatedOnToolsVersion = 9.1;
						ProvisioningStyle = Automatic;
					};
				};
			};
			buildConfigurationList = 00DEF2E61FCBCD0C00F1F393 /* Build configuration list for PBXProject "GroundControl" */;
			compatibilityVersion = "Xcode 8.0";
			developmentRegion = en;
			hasScannedForEncodings = 0;
			knownRegions = (
				en,
				Base,
			);
			mainGroup = 00DEF2E21FCBCD0C00F1F393;
			productRefGroup = 00DEF2EC1FCBCD0C00F1F393 /* Products */;
			projectDirPath = "";
			projectRoot = "";
			targets = (
				00DEF2EA1FCBCD0C00F1F393 /* GroundControl */,
			);
		};
/* End PBXProject section */

/* Begin PBXResourcesBuildPhase section */
		00DEF2E91FCBCD0C00F1F393 /* Resources */ = {
			isa = PBXResourcesBuildPhase;
			buildActionMask = 2147483647;
			files = (
				00DEF2F91FCBCD0C00F1F393 /* LaunchScreen.storyboard in Resources */,
				00EEB20C2039643400B334DE /* Dashboard.storyboard in Resources */,
				005743532043DAE000AB9E73 /* Instruments.storyboard in Resources */,
				00DEF2F61FCBCD0C00F1F393 /* Assets.xcassets in Resources */,
				00EEB20D2039643400B334DE /* Main.storyboard in Resources */,
			);
			runOnlyForDeploymentPostprocessing = 0;
		};
/* End PBXResourcesBuildPhase section */

/* Begin PBXShellScriptBuildPhase section */
		0037E09E20606777002FC00A /* ShellScript */ = {
			isa = PBXShellScriptBuildPhase;
			buildActionMask = 2147483647;
			files = (
			);
			inputPaths = (
				"$(SRCROOT)/GroundControl/Carthage/Build/iOS/SocketIO.framework",
				"$(SRCROOT)/GroundControl/Carthage/Build/iOS/Starscream.framework",
			);
			outputPaths = (
			);
			runOnlyForDeploymentPostprocessing = 0;
			shellPath = /bin/sh;
			shellScript = "/usr/local/bin/carthage copy-frameworks";
		};
/* End PBXShellScriptBuildPhase section */

/* Begin PBXSourcesBuildPhase section */
		00DEF2E71FCBCD0C00F1F393 /* Sources */ = {
			isa = PBXSourcesBuildPhase;
			buildActionMask = 2147483647;
			files = (
				005C5CA41FCBDD6D0055B110 /* ReportInfoViewController.swift in Sources */,
				0062CAA72045223F00E5BA41 /* ReportRenderable.swift in Sources */,
				00C707952039657300C804F1 /* DashboardViewController.swift in Sources */,
				005C5C9D1FCBD0480055B110 /* MapViewController.swift in Sources */,
				00220A3F2005D3BC000B12DF /* TimeAgo.swift in Sources */,
				00E35FA1200F0DF9006BB8CD /* AttributedString.swift in Sources */,
				0062CAAA204530CB00E5BA41 /* InstrumentsContainerViewController.swift in Sources */,
				00220A422005F639000B12DF /* PanGestureRecognizer.swift in Sources */,
				003CFBDA2056567B000A4C8D /* TerminalViewController.swift in Sources */,
				00C707962039657700C804F1 /* DashboardSubsection.swift in Sources */,
				00DEF2EF1FCBCD0C00F1F393 /* AppDelegate.swift in Sources */,
				0040E1302046537B00C1AFFE /* CommandViewController.swift in Sources */,
				0062CAA32045116000E5BA41 /* InternalInstrumentsViewController.swift in Sources */,
				00C707982039657C00C804F1 /* DashboardPage.swift in Sources */,
				003DE1422034093E00D6E06A /* Time.swift in Sources */,
				00C622982032C68000F09BE2 /* MapViewDashboardController.swift in Sources */,
				0062CAA52045151000E5BA41 /* ExternalInstrumentsViewController.swift in Sources */,
				0062CAA1204510F900E5BA41 /* InstrumentsPageController.swift in Sources */,
				00C622942032C5A000F09BE2 /* MapViewDelegate.swift in Sources */,
				005C5CA61FCBEB190055B110 /* SocketCenter.swift in Sources */,
				005C5C9F1FCBD1EF0055B110 /* Report.swift in Sources */,
				00C622962032C63700F09BE2 /* MapViewRoutePlot.swift in Sources */,
				00B12CE81FCE2D62001151B9 /* GraphicalIndicator.swift in Sources */,
			);
			runOnlyForDeploymentPostprocessing = 0;
		};
/* End PBXSourcesBuildPhase section */

/* Begin PBXVariantGroup section */
		00DEF2F71FCBCD0C00F1F393 /* LaunchScreen.storyboard */ = {
			isa = PBXVariantGroup;
			children = (
				00DEF2F81FCBCD0C00F1F393 /* Base */,
			);
			name = LaunchScreen.storyboard;
			sourceTree = "<group>";
		};
/* End PBXVariantGroup section */

/* Begin XCBuildConfiguration section */
		00DEF2FB1FCBCD0C00F1F393 /* Debug */ = {
			isa = XCBuildConfiguration;
			buildSettings = {
				ALWAYS_SEARCH_USER_PATHS = NO;
				CLANG_ANALYZER_NONNULL = YES;
				CLANG_ANALYZER_NUMBER_OBJECT_CONVERSION = YES_AGGRESSIVE;
				CLANG_CXX_LANGUAGE_STANDARD = "gnu++14";
				CLANG_CXX_LIBRARY = "libc++";
				CLANG_ENABLE_MODULES = YES;
				CLANG_ENABLE_OBJC_ARC = YES;
				CLANG_WARN_BLOCK_CAPTURE_AUTORELEASING = YES;
				CLANG_WARN_BOOL_CONVERSION = YES;
				CLANG_WARN_COMMA = YES;
				CLANG_WARN_CONSTANT_CONVERSION = YES;
				CLANG_WARN_DEPRECATED_OBJC_IMPLEMENTATIONS = YES;
				CLANG_WARN_DIRECT_OBJC_ISA_USAGE = YES_ERROR;
				CLANG_WARN_DOCUMENTATION_COMMENTS = YES;
				CLANG_WARN_EMPTY_BODY = YES;
				CLANG_WARN_ENUM_CONVERSION = YES;
				CLANG_WARN_INFINITE_RECURSION = YES;
				CLANG_WARN_INT_CONVERSION = YES;
				CLANG_WARN_NON_LITERAL_NULL_CONVERSION = YES;
				CLANG_WARN_OBJC_IMPLICIT_RETAIN_SELF = YES;
				CLANG_WARN_OBJC_LITERAL_CONVERSION = YES;
				CLANG_WARN_OBJC_ROOT_CLASS = YES_ERROR;
				CLANG_WARN_RANGE_LOOP_ANALYSIS = YES;
				CLANG_WARN_STRICT_PROTOTYPES = YES;
				CLANG_WARN_SUSPICIOUS_MOVE = YES;
				CLANG_WARN_UNGUARDED_AVAILABILITY = YES_AGGRESSIVE;
				CLANG_WARN_UNREACHABLE_CODE = YES;
				CLANG_WARN__DUPLICATE_METHOD_MATCH = YES;
				CODE_SIGN_IDENTITY = "iPhone Developer";
				COPY_PHASE_STRIP = NO;
				DEBUG_INFORMATION_FORMAT = dwarf;
				ENABLE_STRICT_OBJC_MSGSEND = YES;
				ENABLE_TESTABILITY = YES;
				GCC_C_LANGUAGE_STANDARD = gnu11;
				GCC_DYNAMIC_NO_PIC = NO;
				GCC_NO_COMMON_BLOCKS = YES;
				GCC_OPTIMIZATION_LEVEL = 0;
				GCC_PREPROCESSOR_DEFINITIONS = (
					"DEBUG=1",
					"$(inherited)",
				);
				GCC_WARN_64_TO_32_BIT_CONVERSION = YES;
				GCC_WARN_ABOUT_RETURN_TYPE = YES_ERROR;
				GCC_WARN_UNDECLARED_SELECTOR = YES;
				GCC_WARN_UNINITIALIZED_AUTOS = YES_AGGRESSIVE;
				GCC_WARN_UNUSED_FUNCTION = YES;
				GCC_WARN_UNUSED_VARIABLE = YES;
				IPHONEOS_DEPLOYMENT_TARGET = 11.1;
				MTL_ENABLE_DEBUG_INFO = YES;
				ONLY_ACTIVE_ARCH = YES;
				SDKROOT = iphoneos;
				SWIFT_ACTIVE_COMPILATION_CONDITIONS = DEBUG;
				SWIFT_OPTIMIZATION_LEVEL = "-Onone";
			};
			name = Debug;
		};
		00DEF2FC1FCBCD0C00F1F393 /* Release */ = {
			isa = XCBuildConfiguration;
			buildSettings = {
				ALWAYS_SEARCH_USER_PATHS = NO;
				CLANG_ANALYZER_NONNULL = YES;
				CLANG_ANALYZER_NUMBER_OBJECT_CONVERSION = YES_AGGRESSIVE;
				CLANG_CXX_LANGUAGE_STANDARD = "gnu++14";
				CLANG_CXX_LIBRARY = "libc++";
				CLANG_ENABLE_MODULES = YES;
				CLANG_ENABLE_OBJC_ARC = YES;
				CLANG_WARN_BLOCK_CAPTURE_AUTORELEASING = YES;
				CLANG_WARN_BOOL_CONVERSION = YES;
				CLANG_WARN_COMMA = YES;
				CLANG_WARN_CONSTANT_CONVERSION = YES;
				CLANG_WARN_DEPRECATED_OBJC_IMPLEMENTATIONS = YES;
				CLANG_WARN_DIRECT_OBJC_ISA_USAGE = YES_ERROR;
				CLANG_WARN_DOCUMENTATION_COMMENTS = YES;
				CLANG_WARN_EMPTY_BODY = YES;
				CLANG_WARN_ENUM_CONVERSION = YES;
				CLANG_WARN_INFINITE_RECURSION = YES;
				CLANG_WARN_INT_CONVERSION = YES;
				CLANG_WARN_NON_LITERAL_NULL_CONVERSION = YES;
				CLANG_WARN_OBJC_IMPLICIT_RETAIN_SELF = YES;
				CLANG_WARN_OBJC_LITERAL_CONVERSION = YES;
				CLANG_WARN_OBJC_ROOT_CLASS = YES_ERROR;
				CLANG_WARN_RANGE_LOOP_ANALYSIS = YES;
				CLANG_WARN_STRICT_PROTOTYPES = YES;
				CLANG_WARN_SUSPICIOUS_MOVE = YES;
				CLANG_WARN_UNGUARDED_AVAILABILITY = YES_AGGRESSIVE;
				CLANG_WARN_UNREACHABLE_CODE = YES;
				CLANG_WARN__DUPLICATE_METHOD_MATCH = YES;
				CODE_SIGN_IDENTITY = "iPhone Developer";
				COPY_PHASE_STRIP = NO;
				DEBUG_INFORMATION_FORMAT = "dwarf-with-dsym";
				ENABLE_NS_ASSERTIONS = NO;
				ENABLE_STRICT_OBJC_MSGSEND = YES;
				GCC_C_LANGUAGE_STANDARD = gnu11;
				GCC_NO_COMMON_BLOCKS = YES;
				GCC_WARN_64_TO_32_BIT_CONVERSION = YES;
				GCC_WARN_ABOUT_RETURN_TYPE = YES_ERROR;
				GCC_WARN_UNDECLARED_SELECTOR = YES;
				GCC_WARN_UNINITIALIZED_AUTOS = YES_AGGRESSIVE;
				GCC_WARN_UNUSED_FUNCTION = YES;
				GCC_WARN_UNUSED_VARIABLE = YES;
				IPHONEOS_DEPLOYMENT_TARGET = 11.1;
				MTL_ENABLE_DEBUG_INFO = NO;
				SDKROOT = iphoneos;
				SWIFT_OPTIMIZATION_LEVEL = "-Owholemodule";
				VALIDATE_PRODUCT = YES;
			};
			name = Release;
		};
		00DEF2FE1FCBCD0C00F1F393 /* Debug */ = {
			isa = XCBuildConfiguration;
			buildSettings = {
				ASSETCATALOG_COMPILER_APPICON_NAME = AppIcon;
				CODE_SIGN_STYLE = Automatic;
				DEVELOPMENT_TEAM = DZSBS2TEB3;
				ENABLE_BITCODE = YES;
				FRAMEWORK_SEARCH_PATHS = (
					"$(inherited)",
					"$(PROJECT_DIR)/GroundControl/Carthage/Build/iOS",
				);
				INFOPLIST_FILE = GroundControl/Info.plist;
				LD_RUNPATH_SEARCH_PATHS = "$(inherited) @executable_path/Frameworks";
				PRODUCT_BUNDLE_IDENTIFIER = com.movicllc.GroundControl;
				PRODUCT_NAME = "$(TARGET_NAME)";
				SWIFT_VERSION = 4.0;
				TARGETED_DEVICE_FAMILY = "1,2";
			};
			name = Debug;
		};
		00DEF2FF1FCBCD0C00F1F393 /* Release */ = {
			isa = XCBuildConfiguration;
			buildSettings = {
				ASSETCATALOG_COMPILER_APPICON_NAME = AppIcon;
				CODE_SIGN_STYLE = Automatic;
				DEVELOPMENT_TEAM = DZSBS2TEB3;
				ENABLE_BITCODE = YES;
				FRAMEWORK_SEARCH_PATHS = (
					"$(inherited)",
					"$(PROJECT_DIR)/GroundControl/Carthage/Build/iOS",
				);
				INFOPLIST_FILE = GroundControl/Info.plist;
				LD_RUNPATH_SEARCH_PATHS = "$(inherited) @executable_path/Frameworks";
				PRODUCT_BUNDLE_IDENTIFIER = com.movicllc.GroundControl;
				PRODUCT_NAME = "$(TARGET_NAME)";
				SWIFT_VERSION = 4.0;
				TARGETED_DEVICE_FAMILY = "1,2";
			};
			name = Release;
		};
/* End XCBuildConfiguration section */

/* Begin XCConfigurationList section */
		00DEF2E61FCBCD0C00F1F393 /* Build configuration list for PBXProject "GroundControl" */ = {
			isa = XCConfigurationList;
			buildConfigurations = (
				00DEF2FB1FCBCD0C00F1F393 /* Debug */,
				00DEF2FC1FCBCD0C00F1F393 /* Release */,
			);
			defaultConfigurationIsVisible = 0;
			defaultConfigurationName = Release;
		};
		00DEF2FD1FCBCD0C00F1F393 /* Build configuration list for PBXNativeTarget "GroundControl" */ = {
			isa = XCConfigurationList;
			buildConfigurations = (
				00DEF2FE1FCBCD0C00F1F393 /* Debug */,
				00DEF2FF1FCBCD0C00F1F393 /* Release */,
			);
			defaultConfigurationIsVisible = 0;
			defaultConfigurationName = Release;
		};
/* End XCConfigurationList section */
	};
	rootObject = 00DEF2E31FCBCD0C00F1F393 /* Project object */;
}
